{
    "_readme": [
        "This file locks the dependencies of your project to a known state",
        "Read more about it at http://getcomposer.org/doc/01-basic-usage.md#composer-lock-the-lock-file",
        "This file is @generated automatically"
    ],
    "hash": "8993aa8b43c2a0e0932ce1bc6d493a59",
    "packages": [
        {
            "name": "ise/php-soundcloud",
            "version": "dev-master",
            "source": {
                "type": "git",
                "url": "https://github.com/internalsystemerror/php-soundcloud.git",
                "reference": "ac3ff2dce2a6e6d34636c58e66fd316d722c31df"
            },
            "dist": {
                "type": "zip",
                "url": "https://api.github.com/repos/internalsystemerror/php-soundcloud/zipball/ac3ff2dce2a6e6d34636c58e66fd316d722c31df",
                "reference": "ac3ff2dce2a6e6d34636c58e66fd316d722c31df",
                "shasum": ""
            },
            "require": {
                "php": ">=5.3"
            },
            "type": "library",
            "autoload": {
                "psr-0": {
                    "Soundcloud\\": "src/",
                    "SoundcloudTest\\": "tests/"
                }
            },
            "notification-url": "https://packagist.org/downloads/",
            "license": [
                "MIT"
            ],
            "authors": [
                {
                    "name": "Anton Lindqvist",
                    "email": "anton@qvister.se",
                    "homepage": "http://qvister.se/",
                    "role": "developer"
                },
                {
                    "name": "Gary Lockett",
                    "email": "ise@garylockett.com",
                    "homepage": "http://www.garylockett.com/"
                }
            ],
            "description": "API Wrapper for SoundCloud written in PHP with support for authentication using OAuth 2.0 by Anton Lindqvist (mptre), composer support added by Gary Lockett (ise)",
            "homepage": "https://github.com/internalsystemerror/php-soundcloud",
            "keywords": [
                "soundcloud"
            ],
            "time": "2014-02-03 15:49:00"
        }
    ],
    "packages-dev": [

    ],
    "aliases": [

    ],
    "minimum-stability": "dev",
    "stability-flags": {
        "ise/php-soundcloud": 20
    },
    "prefer-stable": false,
    "platform": {
        "php": ">=5.3.0"
    },
    "platform-dev": [

    ]
}
